schema: '2.0'
stages:
  plot_results:
    cmd: python -m src.modeling.plot_results --prices data/raw/prices_VN.csv 
      --summary data/processed/hybrid_experiment_summary.json --output-dir 
      report/figures
    deps:
    - path: data/processed/hybrid_experiment_summary.json
      hash: md5
      md5: 97f386050eba319a9d73963bb439d58f
      size: 81734
    - path: data/raw/prices_VN.csv
      hash: md5
      md5: 8430db40dad115c3a12d6f790b0a5a13
      size: 125850
    - path: src/modeling/plot_results.py
      hash: md5
      md5: 223a872043d05c79987bf9ce601891b8
      size: 6397
    params:
      params.yaml:
        paths.prices: data/raw/prices_VN.csv
        volatility.output_experiment: 
          data/processed/hybrid_experiment_summary.json
    outs:
    - path: report/figures/forecast_comparison.png
      hash: md5
      md5: e9361f520627ca47b9f5ba834af9e7f8
      size: 390699
    - path: report/figures/return_distribution.png
      hash: md5
      md5: 38363c575ae66febe97d703733fd8a43
      size: 142972
    - path: report/figures/vol_clustering.png
      hash: md5
      md5: eabe3a5b7b315c2c49134f98d83c9707
      size: 430230
  run_experiment:
    cmd: python -m src.modeling.run_experiment --prices data/raw/prices_VN.csv 
      --model-frame data/interim/modeling_ready.parquet --sequence-length 15 
      --train-end 2021-12-31 --val-end 2021-12-31 --epochs 30 --batch-size 32 
      --output data/processed/hybrid_experiment_summary.json --model-output 
      models/volatility/lstm_residual_model.pt --dataset-output 
      data/processed/final_modeling_dataset.parquet
    deps:
    - path: data/interim/modeling_ready.parquet
      hash: md5
      md5: 32aaa500921d2ea03e4e7c521d4ef6f3
      size: 434555
    - path: data/raw/prices_VN.csv
      hash: md5
      md5: 8430db40dad115c3a12d6f790b0a5a13
      size: 125850
    - path: src/modeling
      hash: md5
      md5: d28809c451bf4fbedf1881dc7d317f03.dir
      size: 259693
      nfiles: 23
    params:
      params.yaml:
        paths.interim_dir: data/interim
        paths.prices: data/raw/prices_VN.csv
        volatility.batch_size: 32
        volatility.epochs: 30
        volatility.output_experiment: 
          data/processed/hybrid_experiment_summary.json
        volatility.output_final_dataset: 
          data/processed/final_modeling_dataset.parquet
        volatility.output_lstm_model: models/volatility/lstm_residual_model.pt
        volatility.sequence_length: 15
        volatility.train_end: '2021-12-31'
        volatility.val_end: '2021-12-31'
    outs:
    - path: data/processed/final_modeling_dataset.parquet
      hash: md5
      md5: 4a4657477f9448fa3a0bacadc6b0b065
      size: 580975
    - path: data/processed/hybrid_experiment_summary.json
      hash: md5
      md5: 97f386050eba319a9d73963bb439d58f
      size: 81734
    - path: models/volatility/lstm_residual_model.pt
      hash: md5
      md5: 7847d43a3d02dd0a5384a7a31b4d3aa2
      size: 31989
  run_robustness:
    cmd: python -m src.modeling.run_robustness --prices data/raw/prices_VN.csv 
      --model-frame data/interim/modeling_ready.parquet --sequence-length 15 
      --train-end 2021-12-31 --val-end 2021-12-31 --epochs 30 --batch-size 32 
      --output data/processed/robustness_experiment_summary.json
    deps:
    - path: data/interim/modeling_ready.parquet
      hash: md5
      md5: 32aaa500921d2ea03e4e7c521d4ef6f3
      size: 434555
    - path: data/raw/prices_VN.csv
      hash: md5
      md5: 8430db40dad115c3a12d6f790b0a5a13
      size: 125850
    - path: src/modeling
      hash: md5
      md5: d28809c451bf4fbedf1881dc7d317f03.dir
      size: 259693
      nfiles: 23
    params:
      params.yaml:
        paths.interim_dir: data/interim
        paths.prices: data/raw/prices_VN.csv
        volatility.batch_size: 32
        volatility.epochs: 30
        volatility.output_robustness: 
          data/processed/robustness_experiment_summary.json
        volatility.sequence_length: 15
        volatility.train_end: '2021-12-31'
        volatility.val_end: '2021-12-31'
    outs:
    - path: data/processed/robustness_experiment_summary.json
      hash: md5
      md5: 6a57951e90bf11b7b1f432af633cfa7c
      size: 2443
  plot_results_extras:
    cmd: python -m src.modeling.plot_results_extras --sentiment 
      data/sentiment/article_sentiment_scores.parquet --summary 
      data/processed/robustness_experiment_summary.json --output-dir 
      report/figures
    deps:
    - path: data/processed/robustness_experiment_summary.json
      hash: md5
      md5: 6a57951e90bf11b7b1f432af633cfa7c
      size: 2443
    - path: data/sentiment/article_sentiment_scores.parquet
      hash: md5
      md5: 1407c68ccad71b87d1bf3dadf986eeb1
      size: 5219060
    - path: src/modeling/plot_results_extras.py
      hash: md5
      md5: cacdfab98f3b066ef2228cf2fc38faf5
      size: 5491
    params:
      params.yaml:
        paths.sentiment_dir: data/sentiment
        volatility.output_robustness: 
          data/processed/robustness_experiment_summary.json
    outs:
    - path: report/figures/robustness_comparison.png
      hash: md5
      md5: 92bb347870f37c894f95d272343d5cc4
      size: 181223
    - path: report/figures/sentiment_distribution.png
      hash: md5
      md5: 1c39fd4abb8df337d3b7581b9f43a8b4
      size: 168148
  descriptive_stats:
    cmd: python -m src.modeling.compute_descriptive_stats --prices 
      data/raw/prices_VN.csv --articles-clean 
      data/interim/articles_clean.parquet --sentiment 
      data/sentiment/article_sentiment_scores.parquet --daily-news 
      data/interim/daily_news_prices.parquet --output-dir report/tables
    deps:
    - path: data/interim/articles_clean.parquet
      hash: md5
      md5: 54ef040ef4195f2d879af0e949b3de11
      size: 257151788
    - path: data/interim/daily_news_prices.parquet
      hash: md5
      md5: 9a40da73eb6dc89d941dccf8523ff7aa
      size: 165297
    - path: data/raw/prices_VN.csv
      hash: md5
      md5: 8430db40dad115c3a12d6f790b0a5a13
      size: 125850
    - path: data/sentiment/article_sentiment_scores.parquet
      hash: md5
      md5: 1407c68ccad71b87d1bf3dadf986eeb1
      size: 5219060
    - path: src/modeling/compute_descriptive_stats.py
      hash: md5
      md5: e0cefb2c515a1124a6312e5be5043852
      size: 6970
    params:
      params.yaml:
        paths.interim_dir: data/interim
        paths.prices: data/raw/prices_VN.csv
        paths.sentiment_dir: data/sentiment
    outs:
    - path: report/tables/descriptive_stats_table.tex
      hash: md5
      md5: 3b9bfd00477dc9e107ad144f671edb8c
      size: 520
