schema: '2.0'
stages:
  preprocess:
    cmd: python -m src.preprocessing.pipeline --raw-news 
      data/raw/news_VN_cafef.csv --prices data/raw/prices_VN.csv --out-dir 
      data/interim
    deps:
    - path: data/raw/news_VN_cafef.csv
      hash: md5
      md5: ca641d2833bec76980c4c19fa9770c14
      size: 868608179
    - path: data/raw/prices_VN.csv
      hash: md5
      md5: 8430db40dad115c3a12d6f790b0a5a13
      size: 125850
    - path: src/preprocessing
      hash: md5
      md5: 9289e3851b46e9136949426174df52af.dir
      size: 77245
      nfiles: 12
    params:
      params.yaml:
        paths.interim_dir: data/interim
        paths.prices: data/raw/prices_VN.csv
        paths.raw_news: data/raw/news_VN_cafef.csv
    outs:
    - path: data/interim/articles_clean.parquet
      hash: md5
      md5: 54ef040ef4195f2d879af0e949b3de11
      size: 257151788
    - path: data/interim/daily_news_prices.parquet
      hash: md5
      md5: 9a40da73eb6dc89d941dccf8523ff7aa
      size: 165297
  prepare_inputs:
    cmd: python -m src.sentiment.prepare_inputs --cafef-input 
      data/interim/articles_clean.parquet --cafef-output 
      data/interim/cafef_input.parquet --max-tokens 256 --report-file 
      data/interim/input_preparation_report.json
    deps:
    - path: data/interim/articles_clean.parquet
      hash: md5
      md5: 54ef040ef4195f2d879af0e949b3de11
      size: 257151788
    - path: src/sentiment
      hash: md5
      md5: d92a7d8fcd5bb493b9334e0a9104036f.dir
      size: 369541
      nfiles: 32
    params:
      params.yaml:
        paths.interim_dir: data/interim
        sentiment.max_length: 256
    outs:
    - path: data/interim/cafef_input.parquet
      hash: md5
      md5: fb2fdabf05dcdccd1d3efed35591e248
      size: 50736290
    - path: data/interim/input_preparation_report.json
      hash: md5
      md5: ca55fd94b858afecbeb6d7cc685c51ac
      size: 518
  infer_cafef:
    cmd: python -m src.sentiment.infer_cafef --model-dir 
      models/phobert-sentiment/latest --input-file 
      data/interim/cafef_input.parquet --output-file 
      data/sentiment/article_sentiment_scores.parquet --batch-size 32 
      --max-length 256
    deps:
    - path: data/interim/cafef_input.parquet
      hash: md5
      md5: fb2fdabf05dcdccd1d3efed35591e248
      size: 50736290
    - path: models/phobert-sentiment/latest
      hash: md5
      md5: f576599f9c464db1a8a6d9c44277cb81.dir
      size: 542219863
      nfiles: 4
    - path: src/sentiment
      hash: md5
      md5: d92a7d8fcd5bb493b9334e0a9104036f.dir
      size: 369541
      nfiles: 32
    params:
      params.yaml:
        paths.interim_dir: data/interim
        paths.model_dir: models/phobert-sentiment/latest
        paths.sentiment_dir: data/sentiment
        sentiment.batch_size: 32
        sentiment.max_length: 256
    outs:
    - path: data/sentiment/article_sentiment_scores.parquet
      hash: md5
      md5: 1407c68ccad71b87d1bf3dadf986eeb1
      size: 5219060
    - path: data/sentiment/article_sentiment_scores.report.json
      hash: md5
      md5: 46b19075044b1f182bbf5ac883737ebc
      size: 187
  merge_articles_sentiment:
    cmd: python -m src.sentiment.merge_sentiment_with_articles --articles-file 
      data/interim/articles_clean.parquet --sentiment-file 
      data/sentiment/article_sentiment_scores.parquet --output-file 
      data/interim/articles_with_sentiment.parquet
    deps:
    - path: data/interim/articles_clean.parquet
      hash: md5
      md5: 54ef040ef4195f2d879af0e949b3de11
      size: 257151788
    - path: data/sentiment/article_sentiment_scores.parquet
      hash: md5
      md5: 1407c68ccad71b87d1bf3dadf986eeb1
      size: 5219060
    - path: src/sentiment/merge_sentiment_with_articles.py
      hash: md5
      md5: 336806ffe4a1b2433045ad18c0c17c46
      size: 5126
    params:
      params.yaml:
        paths.interim_dir: data/interim
        paths.sentiment_dir: data/sentiment
    outs:
    - path: data/interim/articles_with_sentiment.parquet
      hash: md5
      md5: 3f777a90cda863e905f14dbd53bc8f74
      size: 259177067
    - path: data/interim/articles_with_sentiment.report.json
      hash: md5
      md5: 07c0c431744c35b6872341c0a1aca48a
      size: 317
  validate_inference:
    cmd: python -m src.sentiment.validate_inference --articles-file 
      data/interim/articles_clean.parquet --sentiment-file 
      data/sentiment/article_sentiment_scores.parquet --daily-news-file 
      data/interim/daily_news_prices.parquet --report-file 
      data/interim/sentiment_inference_validation.json
    deps:
    - path: data/interim/articles_clean.parquet
      hash: md5
      md5: 54ef040ef4195f2d879af0e949b3de11
      size: 257151788
    - path: data/interim/daily_news_prices.parquet
      hash: md5
      md5: 9a40da73eb6dc89d941dccf8523ff7aa
      size: 165297
    - path: data/sentiment/article_sentiment_scores.parquet
      hash: md5
      md5: 1407c68ccad71b87d1bf3dadf986eeb1
      size: 5219060
    - path: src/sentiment/validate_inference.py
      hash: md5
      md5: a67dcf6c93ba09f269ccef74986ace34
      size: 9133
    params:
      params.yaml:
        paths.interim_dir: data/interim
        paths.sentiment_dir: data/sentiment
    outs:
    - path: data/interim/sentiment_inference_validation.json
      hash: md5
      md5: 47fa364989cc1e29703a94510caeca84
      size: 3059
  validate_daily_aggregation:
    cmd: python -m src.sentiment.validate_daily_aggregation --sentiment-file 
      data/sentiment/article_sentiment_scores.parquet --output-file 
      data/interim/daily_aggregation_validation.json
    deps:
    - path: data/sentiment/article_sentiment_scores.parquet
      hash: md5
      md5: 1407c68ccad71b87d1bf3dadf986eeb1
      size: 5219060
    - path: src/sentiment/validate_daily_aggregation.py
      hash: md5
      md5: 252b74766f3015a2f8b998ef43b89b6c
      size: 2048
    params:
      params.yaml:
        paths.interim_dir: data/interim
        paths.sentiment_dir: data/sentiment
    outs:
    - path: data/interim/daily_aggregation_validation.json
      hash: md5
      md5: deaceda56731014df7f82de9a34d628a
      size: 194
  build_model_frame:
    cmd: python -m src.modeling.prepare_model_frame --prices 
      data/raw/prices_VN.csv --daily-news data/interim/daily_news_prices.parquet
      --sentiment data/sentiment/article_sentiment_scores.parquet 
      --articles-clean data/interim/articles_clean.parquet --output-file 
      data/interim/modeling_ready.parquet --target-type parkinson 
      --sentiment-threshold 0.05
    deps:
    - path: data/interim/articles_clean.parquet
      hash: md5
      md5: 54ef040ef4195f2d879af0e949b3de11
      size: 257151788
    - path: data/interim/daily_news_prices.parquet
      hash: md5
      md5: 9a40da73eb6dc89d941dccf8523ff7aa
      size: 165297
    - path: data/raw/prices_VN.csv
      hash: md5
      md5: 8430db40dad115c3a12d6f790b0a5a13
      size: 125850
    - path: data/sentiment/article_sentiment_scores.parquet
      hash: md5
      md5: 1407c68ccad71b87d1bf3dadf986eeb1
      size: 5219060
    - path: src/modeling
      hash: md5
      md5: 9ed5f238c9775456d4497a73b100a6e4.dir
      size: 253766
      nfiles: 23
    params:
      params.yaml:
        model_frame.sentiment_threshold: 0.05
        model_frame.target_type: parkinson
        paths.interim_dir: data/interim
        paths.prices: data/raw/prices_VN.csv
        paths.sentiment_dir: data/sentiment
    outs:
    - path: data/interim/modeling_ready.parquet
      hash: md5
      md5: 32aaa500921d2ea03e4e7c521d4ef6f3
      size: 434555
    - path: data/interim/modeling_ready.report.json
      hash: md5
      md5: f3d3b86d50e46f55b752e54236ca385f
      size: 784
  prepare_training_data:
    cmd: python -m src.sentiment.prepare_training_data --cafef-input 
      data/interim/articles_clean.parquet --output-file 
      data/interim/training_corpus.parquet
    deps:
    - path: data/interim/articles_clean.parquet
      hash: md5
      md5: 54ef040ef4195f2d879af0e949b3de11
      size: 257151788
    - path: src/sentiment/prepare_training_data.py
      hash: md5
      md5: 4e9f9050fec011582f224221766af198
      size: 11382
    params:
      params.yaml:
        paths.interim_dir: data/interim
    outs:
    - path: data/interim/training_corpus.parquet
      hash: md5
      md5: 0b0872d7448bbfa66651d714587a1b52
      size: 138554495
    - path: data/interim/training_corpus.report.json
      hash: md5
      md5: 6259fbea623428b17c3ac11aceae937c
      size: 590
